
Microsoft Visual Studio Solution File, Format Version 12.00
# Visual Studio Version 17
VisualStudioVersion = 17.5.33502.453
MinimumVisualStudioVersion = 10.0.40219.1
Project("{FAE04EC0-301F-11D3-BF4B-00C04F79EFBC}") = "tp5ejer5", "tp5ejer5\tp5ejer5.csproj", "{7C3CD0DB-B1A1-452E-BADA-A3F7851FD5EE}"
EndProject
Global
	GlobalSection(SolutionConfigurationPlatforms) = preSolution
		Debug|Any CPU = Debug|Any CPU
		Release|Any CPU = Release|Any CPU
	EndGlobalSection
	GlobalSection(ProjectConfigurationPlatforms) = postSolution
		{7C3CD0DB-B1A1-452E-BADA-A3F7851FD5EE}.Debug|Any CPU.ActiveCfg = Debug|Any CPU
		{7C3CD0DB-B1A1-452E-BADA-A3F7851FD5EE}.Debug|Any CPU.Build.0 = Debug|Any CPU
		{7C3CD0DB-B1A1-452E-BADA-A3F7851FD5EE}.Release|Any CPU.ActiveCfg = Release|Any CPU
		{7C3CD0DB-B1A1-452E-BADA-A3F7851FD5EE}.Release|Any CPU.Build.0 = Release|Any CPU
	EndGlobalSection
	GlobalSection(SolutionProperties) = preSolution
		HideSolutionNode = FALSE
	EndGlobalSection
	GlobalSection(ExtensibilityGlobals) = postSolution
		SolutionGuid = {E8CA4176-4C14-4E2A-B2B5-B304E28C3A00}
	EndGlobalSection
EndGlobal
